<?xml version="1.0" encoding="utf-8"?>
<Project ToolsVersion="4.0" xmlns="http://schemas.microsoft.com/developer/msbuild/2003">
  <ItemGroup>
    <Filter Include="Source Files">
      <UniqueIdentifier>{4FC737F1-C7A5-4376-A066-2A32D752A2FF}</UniqueIdentifier>
      <Extensions>cpp;c;cc;cxx;c++;cppm;ixx;def;odl;idl;hpj;bat;asm;asmx</Extensions>
    </Filter>
    <Filter Include="Header Files">
      <UniqueIdentifier>{93995380-89BD-4b04-88EB-625FBE52EBFB}</UniqueIdentifier>
      <Extensions>h;hh;hpp;hxx;h++;hm;inl;inc;ipp;xsd</Extensions>
    </Filter>
    <Filter Include="Resource Files">
      <UniqueIdentifier>{67DA6AB6-F800-4c08-8B7A-83BB121AAD01}</UniqueIdentifier>
      <Extensions>rc;ico;cur;bmp;dlg;rc2;rct;bin;rgs;gif;jpg;jpeg;jpe;resx;tiff;tif;png;wav;mfcribbon-ms</Extensions>
    </Filter>
  </ItemGroup>
  <ItemGroup>
    <ClCompile Include="SimplifyContourLinesAXS.cpp">
      <Filter>Source Files</Filter>
    </ClCompile>
    <ClCompile Include="BadDataException.cpp">
      <Filter>Source Files</Filter>
    </ClCompile>
    <ClCompile Include="File.cpp">
      <Filter>Source Files</Filter>
    </ClCompile>
    <ClCompile Include="Point3D.cpp">
      <Filter>Source Files</Filter>
    </ClCompile>
    <ClCompile Include="WildcardStringMatching.cpp">
      <Filter>Source Files</Filter>
    </ClCompile>
    <ClCompile Include="ContourLinesSimplify.cpp">
      <Filter>Source Files</Filter>
    </ClCompile>
    <ClCompile Include="FileReadException.cpp">
      <Filter>Source Files</Filter>
    </ClCompile>
    <ClCompile Include="FileWriteException.cpp">
      <Filter>Source Files</Filter>
    </ClCompile>
    <ClCompile Include="EuclDistance.cpp">
      <Filter>Source Files</Filter>
    </ClCompile>
    <ClCompile Include="MathZeroDevisionException.cpp">
      <Filter>Source Files</Filter>
    </ClCompile>
    <ClCompile Include="MathException.cpp">
      <Filter>Source Files</Filter>
    </ClCompile>
  </ItemGroup>
  <ItemGroup>
    <ClInclude Include="BadDataException.h">
      <Filter>Header Files</Filter>
    </ClInclude>
    <ClInclude Include="Exception.h">
      <Filter>Header Files</Filter>
    </ClInclude>
    <ClInclude Include="File.h">
      <Filter>Header Files</Filter>
    </ClInclude>
    <ClInclude Include="TVector.h">
      <Filter>Header Files</Filter>
    </ClInclude>
    <ClInclude Include="TVector2D.h">
      <Filter>Header Files</Filter>
    </ClInclude>
    <ClInclude Include="Point3D.h">
      <Filter>Header Files</Filter>
    </ClInclude>
    <ClInclude Include="DXFExport.h">
      <Filter>Header Files</Filter>
    </ClInclude>
    <ClInclude Include="DXFExport.hpp">
      <Filter>Header Files</Filter>
    </ClInclude>
    <ClInclude Include="WildcardStringMatching.h">
      <Filter>Header Files</Filter>
    </ClInclude>
    <ClInclude Include="ContourLinesSimplify.h">
      <Filter>Header Files</Filter>
    </ClInclude>
    <ClInclude Include="ContourLinesSimplify.hpp">
      <Filter>Header Files</Filter>
    </ClInclude>
    <ClInclude Include="SplineSmoothing.h">
      <Filter>Header Files</Filter>
    </ClInclude>
    <ClInclude Include="SplineSmoothing.hpp">
      <Filter>Header Files</Filter>
    </ClInclude>
    <ClInclude Include="isEqualPointByPlanarCoordinates.h">
      <Filter>Header Files</Filter>
    </ClInclude>
    <ClInclude Include="FileReadException.h">
      <Filter>Header Files</Filter>
    </ClInclude>
    <ClInclude Include="FileWriteException.h">
      <Filter>Header Files</Filter>
    </ClInclude>
    <ClInclude Include="Round.h">
      <Filter>Header Files</Filter>
    </ClInclude>
    <ClInclude Include="Round.hpp">
      <Filter>Header Files</Filter>
    </ClInclude>
    <ClInclude Include="PointLineDistance.h">
      <Filter>Header Files</Filter>
    </ClInclude>
    <ClInclude Include="PointLineDistance.hpp">
      <Filter>Header Files</Filter>
    </ClInclude>
    <ClInclude Include="EuclDistance.h">
      <Filter>Header Files</Filter>
    </ClInclude>
    <ClInclude Include="MathZeroDevisionException.h">
      <Filter>Header Files</Filter>
    </ClInclude>
    <ClInclude Include="MathException.h">
      <Filter>Header Files</Filter>
    </ClInclude>
    <ClInclude Include="Const.h">
      <Filter>Header Files</Filter>
    </ClInclude>
  </ItemGroup>
</Project>